# shellcheck shell=bash
# Immutable external inputs. Archives are verified before extraction and Git
# repositories are checked out detached at the exact commit listed here.

# Pinned source snapshot containing the Palm-target GCC work.
RETRO68_SOURCE_URL="https://drive.usercontent.google.com/download?id=1MxexZ4JhfDsmgSFkytjjNm1lCkr43DZk&export=download&confirm=t"
RETRO68_SOURCE_FILE="dmitry-retro68-palmos-gcc.tar.xz"
RETRO68_SOURCE_SHA256="338af65f461210a7ca597795ffa7a49dffa226e07401483e4a4b9a4cbff0eda0"

PILRC_URL="https://downloads.sourceforge.net/project/pilrc/pilrc/3.2/pilrc-3.2.tar.gz"
PILRC_FILE="pilrc-3.2.tar.gz"
PILRC_SHA256="f3d6ea3c77f5d2a00707f4372a212377ab7bd77b3d68c3db7e28a553b235903f"

PRC_TOOLS_REPOSITORY="https://github.com/jichu4n/prc-tools-remix.git"
PRC_TOOLS_COMMIT="db9a91d746bac4c5921e3786c39b5dc3eca7b83c"

GDB_URL="https://ftp.gnu.org/gnu/gdb/gdb-17.2.tar.xz"
GDB_FILE="gdb-17.2.tar.xz"
GDB_SHA256="1c036c0d72e4b3d1fb5c94c88632add6f9d76f4d7c4d2ea793c12a9f19a3228c"

CONFIG_GUESS_URL="https://raw.githubusercontent.com/gcc-mirror/gcc/releases/gcc-9.1.0/config.guess"
CONFIG_GUESS_SHA256="a69d1de72f1e07ceae863dc1f83b497b9832246d6d67f0e87997aa219040518d"
CONFIG_SUB_URL="https://raw.githubusercontent.com/gcc-mirror/gcc/releases/gcc-9.1.0/config.sub"
CONFIG_SUB_SHA256="8fed22bcb29a3513bcd1702c69562b343af1669b97a21810a4dd1ccdf6950ea5"
