# shellcheck shell=bash
# Immutable external inputs. Archives are verified before extraction and Git
# repositories are checked out detached at the exact commit listed here.

# Current Retro68 source containing the Palm-compatible GCC 16.1 changes.
RETRO68_REPOSITORY="https://github.com/autc04/Retro68.git"
RETRO68_COMMIT="f99ecb5aeb6fbb004c647518ea760daba2b1f6bb"

BINUTILS_URL="https://sourceware.org/pub/binutils/releases/binutils-2.46.1.tar.xz"
BINUTILS_FILE="binutils-2.46.1.tar.xz"
BINUTILS_SHA256="e127a709cba24c76de8936cb7083dd768f28cd37eb010492e2f19b71eb1294e4"

PILRC_URL="https://downloads.sourceforge.net/project/pilrc/pilrc/3.2/pilrc-3.2.tar.gz"
PILRC_FILE="pilrc-3.2.tar.gz"
PILRC_SHA256="f3d6ea3c77f5d2a00707f4372a212377ab7bd77b3d68c3db7e28a553b235903f"

PRC_TOOLS_REPOSITORY="https://github.com/jichu4n/prc-tools-remix.git"
PRC_TOOLS_COMMIT="db9a91d746bac4c5921e3786c39b5dc3eca7b83c"

GDB_URL="https://ftp.gnu.org/gnu/gdb/gdb-17.2.tar.xz"
GDB_FILE="gdb-17.2.tar.xz"
GDB_SHA256="1c036c0d72e4b3d1fb5c94c88632add6f9d76f4d7c4d2ea793c12a9f19a3228c"

CONFIG_GUESS_URL="https://raw.githubusercontent.com/gcc-mirror/gcc/releases/gcc-16.1.0/config.guess"
CONFIG_GUESS_SHA256="7d1e3c79b86de601c3a0457855ab854dffd15163f53c91edac54a7be2e9c931b"
CONFIG_SUB_URL="https://raw.githubusercontent.com/gcc-mirror/gcc/releases/gcc-16.1.0/config.sub"
CONFIG_SUB_SHA256="71b8d73e46e0c31b1dc91ba5306f5ef0af009273b3bb283f31d8dad69666fa9e"
